github.com/kaliaskarn/dog v0.0.0-20231222153126-c8f2b7be24df h1:7DEs8DiT1O005v3HWKLgRoNAbiRFDxVYYt0oSRu1F44=
github.com/kaliaskarn/dog v0.0.0-20231222153126-c8f2b7be24df/go.mod h1:uojMPRsvomzludbt6uhVb2eO4+v5icuxqYUHdc8nGtQ=
github.com/kaliaskarn/puppy v0.0.0-20231222151234-835f76f74e57 h1:c3aWqWhcDkQAB/uHoamD3ZT6FPATcIByAUYiTh6AgTo=
github.com/kaliaskarn/puppy v0.0.0-20231222151234-835f76f74e57/go.mod h1:mwkepsRO+bhc7vYVJUfML9QkxEo5BuDI6r3n5m+7XOc=
github.com/kaliaskarn/puppy v0.0.0-20231222154110-472def22c379 h1:kIMMgh9MD5e5xA5iNV1vq7E9nvoYrGTNdvenyOlLBW0=
github.com/kaliaskarn/puppy v0.0.0-20231222154110-472def22c379/go.mod h1:JUOecfYEN7EZ4+YYqHj2p+lq9e9GbyeRaChMSC53eQk=
